// !$*UTF8*$!
{
	archiveVersion = 1;
	classes = {
	};
	objectVersion = 50;
	objects = {

/* Begin PBXBuildFile section */
		4D85B5D72103AD9D00DA74EA /* AppDelegate.swift in Sources */ = {isa = PBXBuildFile; fileRef = 4D85B5D62103AD9D00DA74EA /* AppDelegate.swift */; };
		4D85B5D92103AD9D00DA74EA /* ViewController.swift in Sources */ = {isa = PBXBuildFile; fileRef = 4D85B5D82103AD9D00DA74EA /* ViewController.swift */; };
		4D85B5DC2103AD9D00DA74EA /* Main.storyboard in Resources */ = {isa = PBXBuildFile; fileRef = 4D85B5DA2103AD9D00DA74EA /* Main.storyboard */; };
		4D85B5DE2103AD9F00DA74EA /* Assets.xcassets in Resources */ = {isa = PBXBuildFile; fileRef = 4D85B5DD2103AD9F00DA74EA /* Assets.xcassets */; };
		4D85B5E12103AD9F00DA74EA /* LaunchScreen.storyboard in Resources */ = {isa = PBXBuildFile; fileRef = 4D85B5DF2103AD9F00DA74EA /* LaunchScreen.storyboard */; };
/* End PBXBuildFile section */

/* Begin PBXFileReference section */
		4D85B5D32103AD9D00DA74EA /* ASongOfIceAndFire.app */ = {isa = PBXFileReference; explicitFileType = wrapper.application; includeInIndex = 0; path = ASongOfIceAndFire.app; sourceTree = BUILT_PRODUCTS_DIR; };
		4D85B5D62103AD9D00DA74EA /* AppDelegate.swift */ = {isa = PBXFileReference; lastKnownFileType = sourcecode.swift; path = AppDelegate.swift; sourceTree = "<group>"; };
		4D85B5D82103AD9D00DA74EA /* ViewController.swift */ = {isa = PBXFileReference; lastKnownFileType = sourcecode.swift; path = ViewController.swift; sourceTree = "<group>"; };
		4D85B5DB2103AD9D00DA74EA /* Base */ = {isa = PBXFileReference; lastKnownFileType = file.storyboard; name = Base; path = Base.lproj/Main.storyboard; sourceTree = "<group>"; };
		4D85B5DD2103AD9F00DA74EA /* Assets.xcassets */ = {isa = PBXFileReference; lastKnownFileType = folder.assetcatalog; path = Assets.xcassets; sourceTree = "<group>"; };
		4D85B5E02103AD9F00DA74EA /* Base */ = {isa = PBXFileReference; lastKnownFileType = file.storyboard; name = Base; path = Base.lproj/LaunchScreen.storyboard; sourceTree = "<group>"; };
		4D85B5E22103AD9F00DA74EA /* Info.plist */ = {isa = PBXFileReference; lastKnownFileType = text.plist.xml; path = Info.plist; sourceTree = "<group>"; };
/* End PBXFileReference section */

/* Begin PBXFrameworksBuildPhase section */
		4D85B5D02103AD9D00DA74EA /* Frameworks */ = {
			isa = PBXFrameworksBuildPhase;
			buildActionMask = 2147483647;
			files = (
			);
			runOnlyForDeploymentPostprocessing = 0;
		};
/* End PBXFrameworksBuildPhase section */

/* Begin PBXGroup section */
		4D85B5CA2103AD9D00DA74EA = {
			isa = PBXGroup;
			children = (
				4D85B5D52103AD9D00DA74EA /* ASongOfIceAndFire */,
				4D85B5D42103AD9D00DA74EA /* Products */,
			);
			sourceTree = "<group>";
		};
		4D85B5D42103AD9D00DA74EA /* Products */ = {
			isa = PBXGroup;
			children = (
				4D85B5D32103AD9D00DA74EA /* ASongOfIceAndFire.app */,
			);
			name = Products;
			sourceTree = "<group>";
		};
		4D85B5D52103AD9D00DA74EA /* ASongOfIceAndFire */ = {
			isa = PBXGroup;
			children = (
				4D85B5D62103AD9D00DA74EA /* AppDelegate.swift */,
				4D85B5D82103AD9D00DA74EA /* ViewController.swift */,
				4D85B5DA2103AD9D00DA74EA /* Main.storyboard */,
				4D85B5DD2103AD9F00DA74EA /* Assets.xcassets */,
				4D85B5DF2103AD9F00DA74EA /* LaunchScreen.storyboard */,
				4D85B5E22103AD9F00DA74EA /* Info.plist */,
			);
			path = ASongOfIceAndFire;
			sourceTree = "<group>";
		};
/* End PBXGroup section */

/* Begin PBXNativeTarget section */
		4D85B5D22103AD9D00DA74EA /* ASongOfIceAndFire */ = {
			isa = PBXNativeTarget;
			buildConfigurationList = 4D85B5E52103AD9F00DA74EA /* Build configuration list for PBXNativeTarget "ASongOfIceAndFire" */;
			buildPhases = (
				4D85B5CF2103AD9D00DA74EA /* Sources */,
				4D85B5D02103AD9D00DA74EA /* Frameworks */,
				4D85B5D12103AD9D00DA74EA /* Resources */,
			);
			buildRules = (
			);
			dependencies = (
			);
			name = ASongOfIceAndFire;
			productName = ASongOfIceAndFire;
			productReference = 4D85B5D32103AD9D00DA74EA /* ASongOfIceAndFire.app */;
			productType = "com.apple.product-type.application";
		};
/* End PBXNativeTarget section */

/* Begin PBXProject section */
		4D85B5CB2103AD9D00DA74EA /* Project object */ = {
			isa = PBXProject;
			attributes = {
				LastSwiftUpdateCheck = 0940;
				LastUpgradeCheck = 0940;
				ORGANIZATIONNAME = Nastya;
				TargetAttributes = {
					4D85B5D22103AD9D00DA74EA = {
						CreatedOnToolsVersion = 9.4;
					};
				};
			};
			buildConfigurationList = 4D85B5CE2103AD9D00DA74EA /* Build configuration list for PBXProject "ASongOfIceAndFire" */;
			compatibilityVersion = "Xcode 9.3";
			developmentRegion = en;
			hasScannedForEncodings = 0;
			knownRegions = (
				en,
				Base,
			);
			mainGroup = 4D85B5CA2103AD9D00DA74EA;
			productRefGroup = 4D85B5D42103AD9D00DA74EA /* Products */;
			projectDirPath = "";
			projectRoot = "";
			targets = (
				4D85B5D22103AD9D00DA74EA /* ASongOfIceAndFire */,
			);
		};
/* End PBXProject section */

/* Begin PBXResourcesBuildPhase section */
		4D85B5D12103AD9D00DA74EA /* Resources */ = {
			isa = PBXResourcesBuildPhase;
			buildActionMask = 2147483647;
			files = (
				4D85B5E12103AD9F00DA74EA /* LaunchScreen.storyboard in Resources */,
				4D85B5DE2103AD9F00DA74EA /* Assets.xcassets in Resources */,
				4D85B5DC2103AD9D00DA74EA /* Main.storyboard in Resources */,
			);
			runOnlyForDeploymentPostprocessing = 0;
		};
/* End PBXResourcesBuildPhase section */

/* Begin PBXSourcesBuildPhase section */
		4D85B5CF2103AD9D00DA74EA /* Sources */ = {
			isa = PBXSourcesBuildPhase;
			buildActionMask = 2147483647;
			files = (
				4D85B5D92103AD9D00DA74EA /* ViewController.swift in Sources */,
				4D85B5D72103AD9D00DA74EA /* AppDelegate.swift in Sources */,
			);
			runOnlyForDeploymentPostprocessing = 0;
		};
/* End PBXSourcesBuildPhase section */

/* Begin PBXVariantGroup section */
		4D85B5DA2103AD9D00DA74EA /* Main.storyboard */ = {
			isa = PBXVariantGroup;
			children = (
				4D85B5DB2103AD9D00DA74EA /* Base */,
			);
			name = Main.storyboard;
			sourceTree = "<group>";
		};
		4D85B5DF2103AD9F00DA74EA /* LaunchScreen.storyboard */ = {
			isa = PBXVariantGroup;
			children = (
				4D85B5E02103AD9F00DA74EA /* Base */,
			);
			name = LaunchScreen.storyboard;
			sourceTree = "<group>";
		};
/* End PBXVariantGroup section */

/* Begin XCBuildConfiguration section */
		4D85B5E32103AD9F00DA74EA /* Debug */ = {
			isa = XCBuildConfiguration;
			buildSettings = {
				ALWAYS_SEARCH_USER_PATHS = NO;
				CLANG_ANALYZER_NONNULL = YES;
				CLANG_ANALYZER_NUMBER_OBJECT_CONVERSION = YES_AGGRESSIVE;
				CLANG_CXX_LANGUAGE_STANDARD = "gnu++14";
				CLANG_CXX_LIBRARY = "libc++";
				CLANG_ENABLE_MODULES = YES;
				CLANG_ENABLE_OBJC_ARC = YES;
				CLANG_ENABLE_OBJC_WEAK = YES;
				CLANG_WARN_BLOCK_CAPTURE_AUTORELEASING = YES;
				CLANG_WARN_BOOL_CONVERSION = YES;
				CLANG_WARN_COMMA = YES;
				CLANG_WARN_CONSTANT_CONVERSION = YES;
				CLANG_WARN_DEPRECATED_OBJC_IMPLEMENTATIONS = YES;
				CLANG_WARN_DIRECT_OBJC_ISA_USAGE = YES_ERROR;
				CLANG_WARN_DOCUMENTATION_COMMENTS = YES;
				CLANG_WARN_EMPTY_BODY = YES;
				CLANG_WARN_ENUM_CONVERSION = YES;
				CLANG_WARN_INFINITE_RECURSION = YES;
				CLANG_WARN_INT_CONVERSION = YES;
				CLANG_WARN_NON_LITERAL_NULL_CONVERSION = YES;
				CLANG_WARN_OBJC_IMPLICIT_RETAIN_SELF = YES;
				CLANG_WARN_OBJC_LITERAL_CONVERSION = YES;
				CLANG_WARN_OBJC_ROOT_CLASS = YES_ERROR;
				CLANG_WARN_RANGE_LOOP_ANALYSIS = YES;
				CLANG_WARN_STRICT_PROTOTYPES = YES;
				CLANG_WARN_SUSPICIOUS_MOVE = YES;
				CLANG_WARN_UNGUARDED_AVAILABILITY = YES_AGGRESSIVE;
				CLANG_WARN_UNREACHABLE_CODE = YES;
				CLANG_WARN__DUPLICATE_METHOD_MATCH = YES;
				CODE_SIGN_IDENTITY = "iPhone Developer";
				COPY_PHASE_STRIP = NO;
				DEBUG_INFORMATION_FORMAT = dwarf;
				ENABLE_STRICT_OBJC_MSGSEND = YES;
				ENABLE_TESTABILITY = YES;
				GCC_C_LANGUAGE_STANDARD = gnu11;
				GCC_DYNAMIC_NO_PIC = NO;
				GCC_NO_COMMON_BLOCKS = YES;
				GCC_OPTIMIZATION_LEVEL = 0;
				GCC_PREPROCESSOR_DEFINITIONS = (
					"DEBUG=1",
					"$(inherited)",
				);
				GCC_WARN_64_TO_32_BIT_CONVERSION = YES;
				GCC_WARN_ABOUT_RETURN_TYPE = YES_ERROR;
				GCC_WARN_UNDECLARED_SELECTOR = YES;
				GCC_WARN_UNINITIALIZED_AUTOS = YES_AGGRESSIVE;
				GCC_WARN_UNUSED_FUNCTION = YES;
				GCC_WARN_UNUSED_VARIABLE = YES;
				IPHONEOS_DEPLOYMENT_TARGET = 11.4;
				MTL_ENABLE_DEBUG_INFO = YES;
				ONLY_ACTIVE_ARCH = YES;
				SDKROOT = iphoneos;
				SWIFT_ACTIVE_COMPILATION_CONDITIONS = DEBUG;
				SWIFT_OPTIMIZATION_LEVEL = "-Onone";
			};
			name = Debug;
		};
		4D85B5E42103AD9F00DA74EA /* Release */ = {
			isa = XCBuildConfiguration;
			buildSettings = {
				ALWAYS_SEARCH_USER_PATHS = NO;
				CLANG_ANALYZER_NONNULL = YES;
				CLANG_ANALYZER_NUMBER_OBJECT_CONVERSION = YES_AGGRESSIVE;
				CLANG_CXX_LANGUAGE_STANDARD = "gnu++14";
				CLANG_CXX_LIBRARY = "libc++";
				CLANG_ENABLE_MODULES = YES;
				CLANG_ENABLE_OBJC_ARC = YES;
				CLANG_ENABLE_OBJC_WEAK = YES;
				CLANG_WARN_BLOCK_CAPTURE_AUTORELEASING = YES;
				CLANG_WARN_BOOL_CONVERSION = YES;
				CLANG_WARN_COMMA = YES;
				CLANG_WARN_CONSTANT_CONVERSION = YES;
				CLANG_WARN_DEPRECATED_OBJC_IMPLEMENTATIONS = YES;
				CLANG_WARN_DIRECT_OBJC_ISA_USAGE = YES_ERROR;
				CLANG_WARN_DOCUMENTATION_COMMENTS = YES;
				CLANG_WARN_EMPTY_BODY = YES;
				CLANG_WARN_ENUM_CONVERSION = YES;
				CLANG_WARN_INFINITE_RECURSION = YES;
				CLANG_WARN_INT_CONVERSION = YES;
				CLANG_WARN_NON_LITERAL_NULL_CONVERSION = YES;
				CLANG_WARN_OBJC_IMPLICIT_RETAIN_SELF = YES;
				CLANG_WARN_OBJC_LITERAL_CONVERSION = YES;
				CLANG_WARN_OBJC_ROOT_CLASS = YES_ERROR;
				CLANG_WARN_RANGE_LOOP_ANALYSIS = YES;
				CLANG_WARN_STRICT_PROTOTYPES = YES;
				CLANG_WARN_SUSPICIOUS_MOVE = YES;
				CLANG_WARN_UNGUARDED_AVAILABILITY = YES_AGGRESSIVE;
				CLANG_WARN_UNREACHABLE_CODE = YES;
				CLANG_WARN__DUPLICATE_METHOD_MATCH = YES;
				CODE_SIGN_IDENTITY = "iPhone Developer";
				COPY_PHASE_STRIP = NO;
				DEBUG_INFORMATION_FORMAT = "dwarf-with-dsym";
				ENABLE_NS_ASSERTIONS = NO;
				ENABLE_STRICT_OBJC_MSGSEND = YES;
				GCC_C_LANGUAGE_STANDARD = gnu11;
				GCC_NO_COMMON_BLOCKS = YES;
				GCC_WARN_64_TO_32_BIT_CONVERSION = YES;
				GCC_WARN_ABOUT_RETURN_TYPE = YES_ERROR;
				GCC_WARN_UNDECLARED_SELECTOR = YES;
				GCC_WARN_UNINITIALIZED_AUTOS = YES_AGGRESSIVE;
				GCC_WARN_UNUSED_FUNCTION = YES;
				GCC_WARN_UNUSED_VARIABLE = YES;
				IPHONEOS_DEPLOYMENT_TARGET = 11.4;
				MTL_ENABLE_DEBUG_INFO = NO;
				SDKROOT = iphoneos;
				SWIFT_COMPILATION_MODE = wholemodule;
				SWIFT_OPTIMIZATION_LEVEL = "-O";
				VALIDATE_PRODUCT = YES;
			};
			name = Release;
		};
		4D85B5E62103AD9F00DA74EA /* Debug */ = {
			isa = XCBuildConfiguration;
			buildSettings = {
				ASSETCATALOG_COMPILER_APPICON_NAME = AppIcon;
				CODE_SIGN_STYLE = Automatic;
				INFOPLIST_FILE = ASongOfIceAndFire/Info.plist;
				LD_RUNPATH_SEARCH_PATHS = (
					"$(inherited)",
					"@executable_path/Frameworks",
				);
				PRODUCT_BUNDLE_IDENTIFIER = home.ASongOfIceAndFire;
				PRODUCT_NAME = "$(TARGET_NAME)";
				SWIFT_VERSION = 4.0;
				TARGETED_DEVICE_FAMILY = "1,2";
			};
			name = Debug;
		};
		4D85B5E72103AD9F00DA74EA /* Release */ = {
			isa = XCBuildConfiguration;
			buildSettings = {
				ASSETCATALOG_COMPILER_APPICON_NAME = AppIcon;
				CODE_SIGN_STYLE = Automatic;
				INFOPLIST_FILE = ASongOfIceAndFire/Info.plist;
				LD_RUNPATH_SEARCH_PATHS = (
					"$(inherited)",
					"@executable_path/Frameworks",
				);
				PRODUCT_BUNDLE_IDENTIFIER = home.ASongOfIceAndFire;
				PRODUCT_NAME = "$(TARGET_NAME)";
				SWIFT_VERSION = 4.0;
				TARGETED_DEVICE_FAMILY = "1,2";
			};
			name = Release;
		};
/* End XCBuildConfiguration section */

/* Begin XCConfigurationList section */
		4D85B5CE2103AD9D00DA74EA /* Build configuration list for PBXProject "ASongOfIceAndFire" */ = {
			isa = XCConfigurationList;
			buildConfigurations = (
				4D85B5E32103AD9F00DA74EA /* Debug */,
				4D85B5E42103AD9F00DA74EA /* Release */,
			);
			defaultConfigurationIsVisible = 0;
			defaultConfigurationName = Release;
		};
		4D85B5E52103AD9F00DA74EA /* Build configuration list for PBXNativeTarget "ASongOfIceAndFire" */ = {
			isa = XCConfigurationList;
			buildConfigurations = (
				4D85B5E62103AD9F00DA74EA /* Debug */,
				4D85B5E72103AD9F00DA74EA /* Release */,
			);
			defaultConfigurationIsVisible = 0;
			defaultConfigurationName = Release;
		};
/* End XCConfigurationList section */
	};
	rootObject = 4D85B5CB2103AD9D00DA74EA /* Project object */;
}
